
Microsoft Visual Studio Solution File, Format Version 12.00
Project("{FAE04EC0-301F-11D3-BF4B-00C04F79EFBC}") = "GraphQLServer", "GraphQLServer\GraphQLServer.csproj", "{240A96DB-7F4E-449E-BCD3-FB60663D313F}"
EndProject
Project("{FAE04EC0-301F-11D3-BF4B-00C04F79EFBC}") = "Agents", "Agents\Agents.csproj", "{C7F166EB-A351-47F5-A3E1-165B56B84307}"
EndProject
Project("{FAE04EC0-301F-11D3-BF4B-00C04F79EFBC}") = "Scheduling", "Scheduling\Scheduling.csproj", "{190D9689-1396-49CA-B582-2638E475C90E}"
EndProject
Project("{FAE04EC0-301F-11D3-BF4B-00C04F79EFBC}") = "Scheduling.Tests", "Scheduling.Tests\Scheduling.Tests.csproj", "{A19D0B83-5B56-4D4F-A5A2-046FC2C06F62}"
EndProject
Project("{FAE04EC0-301F-11D3-BF4B-00C04F79EFBC}") = "Domain", "Domain\Domain.csproj", "{9307D421-26EE-4DE9-9656-0467E2A3733B}"
EndProject
Project("{FAE04EC0-301F-11D3-BF4B-00C04F79EFBC}") = "Infrastructure", "Infrastructure\Infrastructure.csproj", "{C913B14C-E685-44FA-8DA4-2B07199E5F2F}"
EndProject
Project("{FAE04EC0-301F-11D3-BF4B-00C04F79EFBC}") = "Application", "Application\Application.csproj", "{3004B173-A876-4E84-93AB-2AD501CB450F}"
EndProject
Project("{FAE04EC0-301F-11D3-BF4B-00C04F79EFBC}") = "Application.Tests", "Application.Tests\Application.Tests.csproj", "{E38257A9-3A4A-4C5F-AA12-B89B1AB35CD3}"
EndProject
Project("{FAE04EC0-301F-11D3-BF4B-00C04F79EFBC}") = "Agents.Tests", "Agents.Tests\Agents.Tests.csproj", "{C1794A9B-4045-4212-B545-891CB4E6C30C}"
EndProject
Project("{FAE04EC0-301F-11D3-BF4B-00C04F79EFBC}") = "Infrastructure.Tests", "Infrastructure.Tests\Infrastructure.Tests.csproj", "{F499A063-CA18-48A8-AF30-B1A459914957}"
EndProject
Project("{FAE04EC0-301F-11D3-BF4B-00C04F79EFBC}") = "GraphQLServer.Tests", "GraphQLServer.Tests\GraphQLServer.Tests.csproj", "{E3DE08E9-3D83-4E47-9408-F0A23F0A4EE9}"
EndProject
Project("{FAE04EC0-301F-11D3-BF4B-00C04F79EFBC}") = "Scheduling.Benchmarks", "Scheduling.Benchmarks\Scheduling.Benchmarks.csproj", "{B8A7D5E1-2C3F-4A5B-9E6D-7F8C9A0B1C2D}"
EndProject
Project("{FAE04EC0-301F-11D3-BF4B-00C04F79EFBC}") = "Application.Benchmarks", "Application.Benchmarks\Application.Benchmarks.csproj", "{DC84C21F-ED92-4FE6-8022-494724929298}"
EndProject
Global
	GlobalSection(SolutionConfigurationPlatforms) = preSolution
		Debug|Any CPU = Debug|Any CPU
		Debug|x64 = Debug|x64
		Debug|x86 = Debug|x86
		Release|Any CPU = Release|Any CPU
		Release|x64 = Release|x64
		Release|x86 = Release|x86
	EndGlobalSection
	GlobalSection(ProjectConfigurationPlatforms) = postSolution
		{240A96DB-7F4E-449E-BCD3-FB60663D313F}.Debug|Any CPU.ActiveCfg = Debug|Any CPU
		{240A96DB-7F4E-449E-BCD3-FB60663D313F}.Debug|Any CPU.Build.0 = Debug|Any CPU
		{240A96DB-7F4E-449E-BCD3-FB60663D313F}.Debug|x64.ActiveCfg = Debug|Any CPU
		{240A96DB-7F4E-449E-BCD3-FB60663D313F}.Debug|x64.Build.0 = Debug|Any CPU
		{240A96DB-7F4E-449E-BCD3-FB60663D313F}.Debug|x86.ActiveCfg = Debug|Any CPU
		{240A96DB-7F4E-449E-BCD3-FB60663D313F}.Debug|x86.Build.0 = Debug|Any CPU
		{240A96DB-7F4E-449E-BCD3-FB60663D313F}.Release|Any CPU.ActiveCfg = Release|Any CPU
		{240A96DB-7F4E-449E-BCD3-FB60663D313F}.Release|Any CPU.Build.0 = Release|Any CPU
		{240A96DB-7F4E-449E-BCD3-FB60663D313F}.Release|x64.ActiveCfg = Release|Any CPU
		{240A96DB-7F4E-449E-BCD3-FB60663D313F}.Release|x64.Build.0 = Release|Any CPU
		{240A96DB-7F4E-449E-BCD3-FB60663D313F}.Release|x86.ActiveCfg = Release|Any CPU
		{240A96DB-7F4E-449E-BCD3-FB60663D313F}.Release|x86.Build.0 = Release|Any CPU
		{C7F166EB-A351-47F5-A3E1-165B56B84307}.Debug|Any CPU.ActiveCfg = Debug|Any CPU
		{C7F166EB-A351-47F5-A3E1-165B56B84307}.Debug|Any CPU.Build.0 = Debug|Any CPU
		{C7F166EB-A351-47F5-A3E1-165B56B84307}.Debug|x64.ActiveCfg = Debug|Any CPU
		{C7F166EB-A351-47F5-A3E1-165B56B84307}.Debug|x64.Build.0 = Debug|Any CPU
		{C7F166EB-A351-47F5-A3E1-165B56B84307}.Debug|x86.ActiveCfg = Debug|Any CPU
		{C7F166EB-A351-47F5-A3E1-165B56B84307}.Debug|x86.Build.0 = Debug|Any CPU
		{C7F166EB-A351-47F5-A3E1-165B56B84307}.Release|Any CPU.ActiveCfg = Release|Any CPU
		{C7F166EB-A351-47F5-A3E1-165B56B84307}.Release|Any CPU.Build.0 = Release|Any CPU
		{C7F166EB-A351-47F5-A3E1-165B56B84307}.Release|x64.ActiveCfg = Release|Any CPU
		{C7F166EB-A351-47F5-A3E1-165B56B84307}.Release|x64.Build.0 = Release|Any CPU
		{C7F166EB-A351-47F5-A3E1-165B56B84307}.Release|x86.ActiveCfg = Release|Any CPU
		{C7F166EB-A351-47F5-A3E1-165B56B84307}.Release|x86.Build.0 = Release|Any CPU
		{190D9689-1396-49CA-B582-2638E475C90E}.Debug|Any CPU.ActiveCfg = Debug|Any CPU
		{190D9689-1396-49CA-B582-2638E475C90E}.Debug|Any CPU.Build.0 = Debug|Any CPU
		{190D9689-1396-49CA-B582-2638E475C90E}.Debug|x64.ActiveCfg = Debug|Any CPU
		{190D9689-1396-49CA-B582-2638E475C90E}.Debug|x64.Build.0 = Debug|Any CPU
		{190D9689-1396-49CA-B582-2638E475C90E}.Debug|x86.ActiveCfg = Debug|Any CPU
		{190D9689-1396-49CA-B582-2638E475C90E}.Debug|x86.Build.0 = Debug|Any CPU
		{190D9689-1396-49CA-B582-2638E475C90E}.Release|Any CPU.ActiveCfg = Release|Any CPU
		{190D9689-1396-49CA-B582-2638E475C90E}.Release|Any CPU.Build.0 = Release|Any CPU
		{190D9689-1396-49CA-B582-2638E475C90E}.Release|x64.ActiveCfg = Release|Any CPU
		{190D9689-1396-49CA-B582-2638E475C90E}.Release|x64.Build.0 = Release|Any CPU
		{190D9689-1396-49CA-B582-2638E475C90E}.Release|x86.ActiveCfg = Release|Any CPU
		{190D9689-1396-49CA-B582-2638E475C90E}.Release|x86.Build.0 = Release|Any CPU
		{A19D0B83-5B56-4D4F-A5A2-046FC2C06F62}.Debug|Any CPU.ActiveCfg = Debug|Any CPU
		{A19D0B83-5B56-4D4F-A5A2-046FC2C06F62}.Debug|Any CPU.Build.0 = Debug|Any CPU
		{A19D0B83-5B56-4D4F-A5A2-046FC2C06F62}.Debug|x64.ActiveCfg = Debug|Any CPU
		{A19D0B83-5B56-4D4F-A5A2-046FC2C06F62}.Debug|x64.Build.0 = Debug|Any CPU
		{A19D0B83-5B56-4D4F-A5A2-046FC2C06F62}.Debug|x86.ActiveCfg = Debug|Any CPU
		{A19D0B83-5B56-4D4F-A5A2-046FC2C06F62}.Debug|x86.Build.0 = Debug|Any CPU
		{A19D0B83-5B56-4D4F-A5A2-046FC2C06F62}.Release|Any CPU.ActiveCfg = Release|Any CPU
		{A19D0B83-5B56-4D4F-A5A2-046FC2C06F62}.Release|Any CPU.Build.0 = Release|Any CPU
		{A19D0B83-5B56-4D4F-A5A2-046FC2C06F62}.Release|x64.ActiveCfg = Release|Any CPU
		{A19D0B83-5B56-4D4F-A5A2-046FC2C06F62}.Release|x64.Build.0 = Release|Any CPU
		{A19D0B83-5B56-4D4F-A5A2-046FC2C06F62}.Release|x86.ActiveCfg = Release|Any CPU
		{A19D0B83-5B56-4D4F-A5A2-046FC2C06F62}.Release|x86.Build.0 = Release|Any CPU
		{9307D421-26EE-4DE9-9656-0467E2A3733B}.Debug|Any CPU.ActiveCfg = Debug|Any CPU
		{9307D421-26EE-4DE9-9656-0467E2A3733B}.Debug|Any CPU.Build.0 = Debug|Any CPU
		{9307D421-26EE-4DE9-9656-0467E2A3733B}.Debug|x64.ActiveCfg = Debug|Any CPU
		{9307D421-26EE-4DE9-9656-0467E2A3733B}.Debug|x64.Build.0 = Debug|Any CPU
		{9307D421-26EE-4DE9-9656-0467E2A3733B}.Debug|x86.ActiveCfg = Debug|Any CPU
		{9307D421-26EE-4DE9-9656-0467E2A3733B}.Debug|x86.Build.0 = Debug|Any CPU
		{9307D421-26EE-4DE9-9656-0467E2A3733B}.Release|Any CPU.ActiveCfg = Release|Any CPU
		{9307D421-26EE-4DE9-9656-0467E2A3733B}.Release|Any CPU.Build.0 = Release|Any CPU
		{9307D421-26EE-4DE9-9656-0467E2A3733B}.Release|x64.ActiveCfg = Release|Any CPU
		{9307D421-26EE-4DE9-9656-0467E2A3733B}.Release|x64.Build.0 = Release|Any CPU
		{9307D421-26EE-4DE9-9656-0467E2A3733B}.Release|x86.ActiveCfg = Release|Any CPU
		{9307D421-26EE-4DE9-9656-0467E2A3733B}.Release|x86.Build.0 = Release|Any CPU
		{C913B14C-E685-44FA-8DA4-2B07199E5F2F}.Debug|Any CPU.ActiveCfg = Debug|Any CPU
		{C913B14C-E685-44FA-8DA4-2B07199E5F2F}.Debug|Any CPU.Build.0 = Debug|Any CPU
		{C913B14C-E685-44FA-8DA4-2B07199E5F2F}.Debug|x64.ActiveCfg = Debug|Any CPU
		{C913B14C-E685-44FA-8DA4-2B07199E5F2F}.Debug|x64.Build.0 = Debug|Any CPU
		{C913B14C-E685-44FA-8DA4-2B07199E5F2F}.Debug|x86.ActiveCfg = Debug|Any CPU
		{C913B14C-E685-44FA-8DA4-2B07199E5F2F}.Debug|x86.Build.0 = Debug|Any CPU
		{C913B14C-E685-44FA-8DA4-2B07199E5F2F}.Release|Any CPU.ActiveCfg = Release|Any CPU
		{C913B14C-E685-44FA-8DA4-2B07199E5F2F}.Release|Any CPU.Build.0 = Release|Any CPU
		{C913B14C-E685-44FA-8DA4-2B07199E5F2F}.Release|x64.ActiveCfg = Release|Any CPU
		{C913B14C-E685-44FA-8DA4-2B07199E5F2F}.Release|x64.Build.0 = Release|Any CPU
		{C913B14C-E685-44FA-8DA4-2B07199E5F2F}.Release|x86.ActiveCfg = Release|Any CPU
		{C913B14C-E685-44FA-8DA4-2B07199E5F2F}.Release|x86.Build.0 = Release|Any CPU
		{3004B173-A876-4E84-93AB-2AD501CB450F}.Debug|Any CPU.ActiveCfg = Debug|Any CPU
		{3004B173-A876-4E84-93AB-2AD501CB450F}.Debug|Any CPU.Build.0 = Debug|Any CPU
		{3004B173-A876-4E84-93AB-2AD501CB450F}.Debug|x64.ActiveCfg = Debug|Any CPU
		{3004B173-A876-4E84-93AB-2AD501CB450F}.Debug|x64.Build.0 = Debug|Any CPU
		{3004B173-A876-4E84-93AB-2AD501CB450F}.Debug|x86.ActiveCfg = Debug|Any CPU
		{3004B173-A876-4E84-93AB-2AD501CB450F}.Debug|x86.Build.0 = Debug|Any CPU
		{3004B173-A876-4E84-93AB-2AD501CB450F}.Release|Any CPU.ActiveCfg = Release|Any CPU
		{3004B173-A876-4E84-93AB-2AD501CB450F}.Release|Any CPU.Build.0 = Release|Any CPU
		{3004B173-A876-4E84-93AB-2AD501CB450F}.Release|x64.ActiveCfg = Release|Any CPU
		{3004B173-A876-4E84-93AB-2AD501CB450F}.Release|x64.Build.0 = Release|Any CPU
		{3004B173-A876-4E84-93AB-2AD501CB450F}.Release|x86.ActiveCfg = Release|Any CPU
		{3004B173-A876-4E84-93AB-2AD501CB450F}.Release|x86.Build.0 = Release|Any CPU
		{E38257A9-3A4A-4C5F-AA12-B89B1AB35CD3}.Debug|Any CPU.ActiveCfg = Debug|Any CPU
		{E38257A9-3A4A-4C5F-AA12-B89B1AB35CD3}.Debug|Any CPU.Build.0 = Debug|Any CPU
		{E38257A9-3A4A-4C5F-AA12-B89B1AB35CD3}.Debug|x64.ActiveCfg = Debug|Any CPU
		{E38257A9-3A4A-4C5F-AA12-B89B1AB35CD3}.Debug|x64.Build.0 = Debug|Any CPU
		{E38257A9-3A4A-4C5F-AA12-B89B1AB35CD3}.Debug|x86.ActiveCfg = Debug|Any CPU
		{E38257A9-3A4A-4C5F-AA12-B89B1AB35CD3}.Debug|x86.Build.0 = Debug|Any CPU
		{E38257A9-3A4A-4C5F-AA12-B89B1AB35CD3}.Release|Any CPU.ActiveCfg = Release|Any CPU
		{E38257A9-3A4A-4C5F-AA12-B89B1AB35CD3}.Release|Any CPU.Build.0 = Release|Any CPU
		{E38257A9-3A4A-4C5F-AA12-B89B1AB35CD3}.Release|x64.ActiveCfg = Release|Any CPU
		{E38257A9-3A4A-4C5F-AA12-B89B1AB35CD3}.Release|x64.Build.0 = Release|Any CPU
		{E38257A9-3A4A-4C5F-AA12-B89B1AB35CD3}.Release|x86.ActiveCfg = Release|Any CPU
		{E38257A9-3A4A-4C5F-AA12-B89B1AB35CD3}.Release|x86.Build.0 = Release|Any CPU
		{C1794A9B-4045-4212-B545-891CB4E6C30C}.Debug|Any CPU.ActiveCfg = Debug|Any CPU
		{C1794A9B-4045-4212-B545-891CB4E6C30C}.Debug|Any CPU.Build.0 = Debug|Any CPU
		{C1794A9B-4045-4212-B545-891CB4E6C30C}.Debug|x64.ActiveCfg = Debug|Any CPU
		{C1794A9B-4045-4212-B545-891CB4E6C30C}.Debug|x64.Build.0 = Debug|Any CPU
		{C1794A9B-4045-4212-B545-891CB4E6C30C}.Debug|x86.ActiveCfg = Debug|Any CPU
		{C1794A9B-4045-4212-B545-891CB4E6C30C}.Debug|x86.Build.0 = Debug|Any CPU
		{C1794A9B-4045-4212-B545-891CB4E6C30C}.Release|Any CPU.ActiveCfg = Release|Any CPU
		{C1794A9B-4045-4212-B545-891CB4E6C30C}.Release|Any CPU.Build.0 = Release|Any CPU
		{C1794A9B-4045-4212-B545-891CB4E6C30C}.Release|x64.ActiveCfg = Release|Any CPU
		{C1794A9B-4045-4212-B545-891CB4E6C30C}.Release|x64.Build.0 = Release|Any CPU
		{C1794A9B-4045-4212-B545-891CB4E6C30C}.Release|x86.ActiveCfg = Release|Any CPU
		{C1794A9B-4045-4212-B545-891CB4E6C30C}.Release|x86.Build.0 = Release|Any CPU
		{F499A063-CA18-48A8-AF30-B1A459914957}.Debug|Any CPU.ActiveCfg = Debug|Any CPU
		{F499A063-CA18-48A8-AF30-B1A459914957}.Debug|Any CPU.Build.0 = Debug|Any CPU
		{F499A063-CA18-48A8-AF30-B1A459914957}.Debug|x64.ActiveCfg = Debug|Any CPU
		{F499A063-CA18-48A8-AF30-B1A459914957}.Debug|x64.Build.0 = Debug|Any CPU
		{F499A063-CA18-48A8-AF30-B1A459914957}.Debug|x86.ActiveCfg = Debug|Any CPU
		{F499A063-CA18-48A8-AF30-B1A459914957}.Debug|x86.Build.0 = Debug|Any CPU
		{F499A063-CA18-48A8-AF30-B1A459914957}.Release|Any CPU.ActiveCfg = Release|Any CPU
		{F499A063-CA18-48A8-AF30-B1A459914957}.Release|Any CPU.Build.0 = Release|Any CPU
		{F499A063-CA18-48A8-AF30-B1A459914957}.Release|x64.ActiveCfg = Release|Any CPU
		{F499A063-CA18-48A8-AF30-B1A459914957}.Release|x64.Build.0 = Release|Any CPU
		{F499A063-CA18-48A8-AF30-B1A459914957}.Release|x86.ActiveCfg = Release|Any CPU
		{F499A063-CA18-48A8-AF30-B1A459914957}.Release|x86.Build.0 = Release|Any CPU
		{E3DE08E9-3D83-4E47-9408-F0A23F0A4EE9}.Debug|Any CPU.ActiveCfg = Debug|Any CPU
		{E3DE08E9-3D83-4E47-9408-F0A23F0A4EE9}.Debug|Any CPU.Build.0 = Debug|Any CPU
		{E3DE08E9-3D83-4E47-9408-F0A23F0A4EE9}.Debug|x64.ActiveCfg = Debug|Any CPU
		{E3DE08E9-3D83-4E47-9408-F0A23F0A4EE9}.Debug|x64.Build.0 = Debug|Any CPU
		{E3DE08E9-3D83-4E47-9408-F0A23F0A4EE9}.Debug|x86.ActiveCfg = Debug|Any CPU
		{E3DE08E9-3D83-4E47-9408-F0A23F0A4EE9}.Debug|x86.Build.0 = Debug|Any CPU
		{E3DE08E9-3D83-4E47-9408-F0A23F0A4EE9}.Release|Any CPU.ActiveCfg = Release|Any CPU
		{E3DE08E9-3D83-4E47-9408-F0A23F0A4EE9}.Release|Any CPU.Build.0 = Release|Any CPU
		{E3DE08E9-3D83-4E47-9408-F0A23F0A4EE9}.Release|x64.ActiveCfg = Release|Any CPU
		{E3DE08E9-3D83-4E47-9408-F0A23F0A4EE9}.Release|x64.Build.0 = Release|Any CPU
		{E3DE08E9-3D83-4E47-9408-F0A23F0A4EE9}.Release|x86.ActiveCfg = Release|Any CPU
		{E3DE08E9-3D83-4E47-9408-F0A23F0A4EE9}.Release|x86.Build.0 = Release|Any CPU
		{B8A7D5E1-2C3F-4A5B-9E6D-7F8C9A0B1C2D}.Debug|Any CPU.ActiveCfg = Debug|Any CPU
		{B8A7D5E1-2C3F-4A5B-9E6D-7F8C9A0B1C2D}.Debug|Any CPU.Build.0 = Debug|Any CPU
		{B8A7D5E1-2C3F-4A5B-9E6D-7F8C9A0B1C2D}.Debug|x64.ActiveCfg = Debug|Any CPU
		{B8A7D5E1-2C3F-4A5B-9E6D-7F8C9A0B1C2D}.Debug|x64.Build.0 = Debug|Any CPU
		{B8A7D5E1-2C3F-4A5B-9E6D-7F8C9A0B1C2D}.Debug|x86.ActiveCfg = Debug|Any CPU
		{B8A7D5E1-2C3F-4A5B-9E6D-7F8C9A0B1C2D}.Debug|x86.Build.0 = Debug|Any CPU
		{B8A7D5E1-2C3F-4A5B-9E6D-7F8C9A0B1C2D}.Release|Any CPU.ActiveCfg = Release|Any CPU
		{B8A7D5E1-2C3F-4A5B-9E6D-7F8C9A0B1C2D}.Release|Any CPU.Build.0 = Release|Any CPU
		{B8A7D5E1-2C3F-4A5B-9E6D-7F8C9A0B1C2D}.Release|x64.ActiveCfg = Release|Any CPU
		{B8A7D5E1-2C3F-4A5B-9E6D-7F8C9A0B1C2D}.Release|x64.Build.0 = Release|Any CPU
		{B8A7D5E1-2C3F-4A5B-9E6D-7F8C9A0B1C2D}.Release|x86.ActiveCfg = Release|Any CPU
		{B8A7D5E1-2C3F-4A5B-9E6D-7F8C9A0B1C2D}.Release|x86.Build.0 = Release|Any CPU
		{DC84C21F-ED92-4FE6-8022-494724929298}.Debug|Any CPU.ActiveCfg = Debug|Any CPU
		{DC84C21F-ED92-4FE6-8022-494724929298}.Debug|Any CPU.Build.0 = Debug|Any CPU
		{DC84C21F-ED92-4FE6-8022-494724929298}.Debug|x64.ActiveCfg = Debug|Any CPU
		{DC84C21F-ED92-4FE6-8022-494724929298}.Debug|x64.Build.0 = Debug|Any CPU
		{DC84C21F-ED92-4FE6-8022-494724929298}.Debug|x86.ActiveCfg = Debug|Any CPU
		{DC84C21F-ED92-4FE6-8022-494724929298}.Debug|x86.Build.0 = Debug|Any CPU
		{DC84C21F-ED92-4FE6-8022-494724929298}.Release|Any CPU.ActiveCfg = Release|Any CPU
		{DC84C21F-ED92-4FE6-8022-494724929298}.Release|Any CPU.Build.0 = Release|Any CPU
		{DC84C21F-ED92-4FE6-8022-494724929298}.Release|x64.ActiveCfg = Release|Any CPU
		{DC84C21F-ED92-4FE6-8022-494724929298}.Release|x64.Build.0 = Release|Any CPU
		{DC84C21F-ED92-4FE6-8022-494724929298}.Release|x86.ActiveCfg = Release|Any CPU
		{DC84C21F-ED92-4FE6-8022-494724929298}.Release|x86.Build.0 = Release|Any CPU
	EndGlobalSection
	GlobalSection(SolutionProperties) = preSolution
		HideSolutionNode = FALSE
	EndGlobalSection
EndGlobal
